
Microsoft Visual Studio Solution File, Format Version 12.00
# Visual Studio 15
VisualStudioVersion = 15.0.28010.2050
MinimumVisualStudioVersion = 10.0.40219.1
Project("{FAE04EC0-301F-11D3-BF4B-00C04F79EFBC}") = "Chen_Xuxian_HW6", "Chen_Xuxian_HW6\Chen_Xuxian_HW6.csproj", "{1F26E874-239A-4092-A348-714E9C6D3D7B}"
EndProject
Global
	GlobalSection(SolutionConfigurationPlatforms) = preSolution
		Debug|Any CPU = Debug|Any CPU
		Release|Any CPU = Release|Any CPU
	EndGlobalSection
	GlobalSection(ProjectConfigurationPlatforms) = postSolution
		{1F26E874-239A-4092-A348-714E9C6D3D7B}.Debug|Any CPU.ActiveCfg = Debug|Any CPU
		{1F26E874-239A-4092-A348-714E9C6D3D7B}.Debug|Any CPU.Build.0 = Debug|Any CPU
		{1F26E874-239A-4092-A348-714E9C6D3D7B}.Release|Any CPU.ActiveCfg = Release|Any CPU
		{1F26E874-239A-4092-A348-714E9C6D3D7B}.Release|Any CPU.Build.0 = Release|Any CPU
	EndGlobalSection
	GlobalSection(SolutionProperties) = preSolution
		HideSolutionNode = FALSE
	EndGlobalSection
	GlobalSection(ExtensibilityGlobals) = postSolution
		SolutionGuid = {66D0CB50-C34E-4CD2-B4C1-1BC7B13E4920}
	EndGlobalSection
EndGlobal
